// !$*UTF8*$!
{
	archiveVersion = 1;
	classes = {
	};
	objectVersion = 46;
	objects = {

/* Begin PBXBuildFile section */
		D43B00331CA96CCF002D6963 /* main.m in Sources */ = {isa = PBXBuildFile; fileRef = D43B00321CA96CCF002D6963 /* main.m */; };
		D43B00361CA96CCF002D6963 /* AppDelegate.m in Sources */ = {isa = PBXBuildFile; fileRef = D43B00351CA96CCF002D6963 /* AppDelegate.m */; };
		D43B00391CA96CCF002D6963 /* ViewController.m in Sources */ = {isa = PBXBuildFile; fileRef = D43B00381CA96CCF002D6963 /* ViewController.m */; };
		D43B003C1CA96CCF002D6963 /* Main.storyboard in Resources */ = {isa = PBXBuildFile; fileRef = D43B003A1CA96CCF002D6963 /* Main.storyboard */; };
		D43B003E1CA96CCF002D6963 /* Assets.xcassets in Resources */ = {isa = PBXBuildFile; fileRef = D43B003D1CA96CCF002D6963 /* Assets.xcassets */; };
		D43B00411CA96CCF002D6963 /* LaunchScreen.storyboard in Resources */ = {isa = PBXBuildFile; fileRef = D43B003F1CA96CCF002D6963 /* LaunchScreen.storyboard */; };
		D43B004C1CA96CD0002D6963 /* ________demoTests.m in Sources */ = {isa = PBXBuildFile; fileRef = D43B004B1CA96CD0002D6963 /* ________demoTests.m */; };
		D43B00571CA96CD0002D6963 /* ________demoUITests.m in Sources */ = {isa = PBXBuildFile; fileRef = D43B00561CA96CD0002D6963 /* ________demoUITests.m */; };
		D43B006D1CA9701B002D6963 /* PZLCove.m in Sources */ = {isa = PBXBuildFile; fileRef = D43B00661CA9701B002D6963 /* PZLCove.m */; };
		D43B006E1CA9701B002D6963 /* PZLPopTitleView.m in Sources */ = {isa = PBXBuildFile; fileRef = D43B00681CA9701B002D6963 /* PZLPopTitleView.m */; };
		D43B006F1CA9701B002D6963 /* PZLTitleButton.m in Sources */ = {isa = PBXBuildFile; fileRef = D43B006A1CA9701B002D6963 /* PZLTitleButton.m */; };
		D43B00701CA9701B002D6963 /* PZLTitleCenterController.m in Sources */ = {isa = PBXBuildFile; fileRef = D43B006C1CA9701B002D6963 /* PZLTitleCenterController.m */; };
		D43B00741CA97038002D6963 /* UIView+PZLExt.m in Sources */ = {isa = PBXBuildFile; fileRef = D43B00731CA97038002D6963 /* UIView+PZLExt.m */; };
		D43B00781CA97187002D6963 /* UIImage+Image.m in Sources */ = {isa = PBXBuildFile; fileRef = D43B00771CA97187002D6963 /* UIImage+Image.m */; };
/* End PBXBuildFile section */

/* Begin PBXContainerItemProxy section */
		D43B00481CA96CD0002D6963 /* PBXContainerItemProxy */ = {
			isa = PBXContainerItemProxy;
			containerPortal = D43B00261CA96CCF002D6963 /* Project object */;
			proxyType = 1;
			remoteGlobalIDString = D43B002D1CA96CCF002D6963;
			remoteInfo = "显示在最前面菜单demo";
		};
		D43B00531CA96CD0002D6963 /* PBXContainerItemProxy */ = {
			isa = PBXContainerItemProxy;
			containerPortal = D43B00261CA96CCF002D6963 /* Project object */;
			proxyType = 1;
			remoteGlobalIDString = D43B002D1CA96CCF002D6963;
			remoteInfo = "显示在最前面菜单demo";
		};
/* End PBXContainerItemProxy section */

/* Begin PBXFileReference section */
		D43B002E1CA96CCF002D6963 /* 显示在最前面菜单demo.app */ = {isa = PBXFileReference; explicitFileType = wrapper.application; includeInIndex = 0; path = "显示在最前面菜单demo.app"; sourceTree = BUILT_PRODUCTS_DIR; };
		D43B00321CA96CCF002D6963 /* main.m */ = {isa = PBXFileReference; lastKnownFileType = sourcecode.c.objc; path = main.m; sourceTree = "<group>"; };
		D43B00341CA96CCF002D6963 /* AppDelegate.h */ = {isa = PBXFileReference; lastKnownFileType = sourcecode.c.h; path = AppDelegate.h; sourceTree = "<group>"; };
		D43B00351CA96CCF002D6963 /* AppDelegate.m */ = {isa = PBXFileReference; lastKnownFileType = sourcecode.c.objc; path = AppDelegate.m; sourceTree = "<group>"; };
		D43B00371CA96CCF002D6963 /* ViewController.h */ = {isa = PBXFileReference; lastKnownFileType = sourcecode.c.h; path = ViewController.h; sourceTree = "<group>"; };
		D43B00381CA96CCF002D6963 /* ViewController.m */ = {isa = PBXFileReference; lastKnownFileType = sourcecode.c.objc; path = ViewController.m; sourceTree = "<group>"; };
		D43B003B1CA96CCF002D6963 /* Base */ = {isa = PBXFileReference; lastKnownFileType = file.storyboard; name = Base; path = Base.lproj/Main.storyboard; sourceTree = "<group>"; };
		D43B003D1CA96CCF002D6963 /* Assets.xcassets */ = {isa = PBXFileReference; lastKnownFileType = folder.assetcatalog; path = Assets.xcassets; sourceTree = "<group>"; };
		D43B00401CA96CCF002D6963 /* Base */ = {isa = PBXFileReference; lastKnownFileType = file.storyboard; name = Base; path = Base.lproj/LaunchScreen.storyboard; sourceTree = "<group>"; };
		D43B00421CA96CCF002D6963 /* Info.plist */ = {isa = PBXFileReference; lastKnownFileType = text.plist.xml; path = Info.plist; sourceTree = "<group>"; };
		D43B00471CA96CD0002D6963 /* 显示在最前面菜单demoTests.xctest */ = {isa = PBXFileReference; explicitFileType = wrapper.cfbundle; includeInIndex = 0; path = "显示在最前面菜单demoTests.xctest"; sourceTree = BUILT_PRODUCTS_DIR; };
		D43B004B1CA96CD0002D6963 /* ________demoTests.m */ = {isa = PBXFileReference; lastKnownFileType = sourcecode.c.objc; path = "________demoTests.m"; sourceTree = "<group>"; };
		D43B004D1CA96CD0002D6963 /* Info.plist */ = {isa = PBXFileReference; lastKnownFileType = text.plist.xml; path = Info.plist; sourceTree = "<group>"; };
		D43B00521CA96CD0002D6963 /* 显示在最前面菜单demoUITests.xctest */ = {isa = PBXFileReference; explicitFileType = wrapper.cfbundle; includeInIndex = 0; path = "显示在最前面菜单demoUITests.xctest"; sourceTree = BUILT_PRODUCTS_DIR; };
		D43B00561CA96CD0002D6963 /* ________demoUITests.m */ = {isa = PBXFileReference; lastKnownFileType = sourcecode.c.objc; path = "________demoUITests.m"; sourceTree = "<group>"; };
		D43B00581CA96CD0002D6963 /* Info.plist */ = {isa = PBXFileReference; lastKnownFileType = text.plist.xml; path = Info.plist; sourceTree = "<group>"; };
		D43B00651CA9701B002D6963 /* PZLCove.h */ = {isa = PBXFileReference; fileEncoding = 4; lastKnownFileType = sourcecode.c.h; path = PZLCove.h; sourceTree = "<group>"; };
		D43B00661CA9701B002D6963 /* PZLCove.m */ = {isa = PBXFileReference; fileEncoding = 4; lastKnownFileType = sourcecode.c.objc; path = PZLCove.m; sourceTree = "<group>"; };
		D43B00671CA9701B002D6963 /* PZLPopTitleView.h */ = {isa = PBXFileReference; fileEncoding = 4; lastKnownFileType = sourcecode.c.h; path = PZLPopTitleView.h; sourceTree = "<group>"; };
		D43B00681CA9701B002D6963 /* PZLPopTitleView.m */ = {isa = PBXFileReference; fileEncoding = 4; lastKnownFileType = sourcecode.c.objc; path = PZLPopTitleView.m; sourceTree = "<group>"; };
		D43B00691CA9701B002D6963 /* PZLTitleButton.h */ = {isa = PBXFileReference; fileEncoding = 4; lastKnownFileType = sourcecode.c.h; path = PZLTitleButton.h; sourceTree = "<group>"; };
		D43B006A1CA9701B002D6963 /* PZLTitleButton.m */ = {isa = PBXFileReference; fileEncoding = 4; lastKnownFileType = sourcecode.c.objc; path = PZLTitleButton.m; sourceTree = "<group>"; };
		D43B006B1CA9701B002D6963 /* PZLTitleCenterController.h */ = {isa = PBXFileReference; fileEncoding = 4; lastKnownFileType = sourcecode.c.h; path = PZLTitleCenterController.h; sourceTree = "<group>"; };
		D43B006C1CA9701B002D6963 /* PZLTitleCenterController.m */ = {isa = PBXFileReference; fileEncoding = 4; lastKnownFileType = sourcecode.c.objc; path = PZLTitleCenterController.m; sourceTree = "<group>"; };
		D43B00721CA97038002D6963 /* UIView+PZLExt.h */ = {isa = PBXFileReference; fileEncoding = 4; lastKnownFileType = sourcecode.c.h; path = "UIView+PZLExt.h"; sourceTree = "<group>"; };
		D43B00731CA97038002D6963 /* UIView+PZLExt.m */ = {isa = PBXFileReference; fileEncoding = 4; lastKnownFileType = sourcecode.c.objc; path = "UIView+PZLExt.m"; sourceTree = "<group>"; };
		D43B00761CA97187002D6963 /* UIImage+Image.h */ = {isa = PBXFileReference; fileEncoding = 4; lastKnownFileType = sourcecode.c.h; path = "UIImage+Image.h"; sourceTree = "<group>"; };
		D43B00771CA97187002D6963 /* UIImage+Image.m */ = {isa = PBXFileReference; fileEncoding = 4; lastKnownFileType = sourcecode.c.objc; path = "UIImage+Image.m"; sourceTree = "<group>"; };
/* End PBXFileReference section */

/* Begin PBXFrameworksBuildPhase section */
		D43B002B1CA96CCF002D6963 /* Frameworks */ = {
			isa = PBXFrameworksBuildPhase;
			buildActionMask = 2147483647;
			files = (
			);
			runOnlyForDeploymentPostprocessing = 0;
		};
		D43B00441CA96CD0002D6963 /* Frameworks */ = {
			isa = PBXFrameworksBuildPhase;
			buildActionMask = 2147483647;
			files = (
			);
			runOnlyForDeploymentPostprocessing = 0;
		};
		D43B004F1CA96CD0002D6963 /* Frameworks */ = {
			isa = PBXFrameworksBuildPhase;
			buildActionMask = 2147483647;
			files = (
			);
			runOnlyForDeploymentPostprocessing = 0;
		};
/* End PBXFrameworksBuildPhase section */

/* Begin PBXGroup section */
		D43B00251CA96CCF002D6963 = {
			isa = PBXGroup;
			children = (
				D43B00301CA96CCF002D6963 /* 显示在最前面菜单demo */,
				D43B004A1CA96CD0002D6963 /* 显示在最前面菜单demoTests */,
				D43B00551CA96CD0002D6963 /* 显示在最前面菜单demoUITests */,
				D43B002F1CA96CCF002D6963 /* Products */,
			);
			sourceTree = "<group>";
		};
		D43B002F1CA96CCF002D6963 /* Products */ = {
			isa = PBXGroup;
			children = (
				D43B002E1CA96CCF002D6963 /* 显示在最前面菜单demo.app */,
				D43B00471CA96CD0002D6963 /* 显示在最前面菜单demoTests.xctest */,
				D43B00521CA96CD0002D6963 /* 显示在最前面菜单demoUITests.xctest */,
			);
			name = Products;
			sourceTree = "<group>";
		};
		D43B00301CA96CCF002D6963 /* 显示在最前面菜单demo */ = {
			isa = PBXGroup;
			children = (
				D43B00641CA96FBE002D6963 /* Lib */,
				D43B00341CA96CCF002D6963 /* AppDelegate.h */,
				D43B00351CA96CCF002D6963 /* AppDelegate.m */,
				D43B00371CA96CCF002D6963 /* ViewController.h */,
				D43B00381CA96CCF002D6963 /* ViewController.m */,
				D43B003A1CA96CCF002D6963 /* Main.storyboard */,
				D43B003D1CA96CCF002D6963 /* Assets.xcassets */,
				D43B003F1CA96CCF002D6963 /* LaunchScreen.storyboard */,
				D43B00421CA96CCF002D6963 /* Info.plist */,
				D43B00311CA96CCF002D6963 /* Supporting Files */,
			);
			path = "显示在最前面菜单demo";
			sourceTree = "<group>";
		};
		D43B00311CA96CCF002D6963 /* Supporting Files */ = {
			isa = PBXGroup;
			children = (
				D43B00321CA96CCF002D6963 /* main.m */,
			);
			name = "Supporting Files";
			sourceTree = "<group>";
		};
		D43B004A1CA96CD0002D6963 /* 显示在最前面菜单demoTests */ = {
			isa = PBXGroup;
			children = (
				D43B004B1CA96CD0002D6963 /* ________demoTests.m */,
				D43B004D1CA96CD0002D6963 /* Info.plist */,
			);
			path = "显示在最前面菜单demoTests";
			sourceTree = "<group>";
		};
		D43B00551CA96CD0002D6963 /* 显示在最前面菜单demoUITests */ = {
			isa = PBXGroup;
			children = (
				D43B00561CA96CD0002D6963 /* ________demoUITests.m */,
				D43B00581CA96CD0002D6963 /* Info.plist */,
			);
			path = "显示在最前面菜单demoUITests";
			sourceTree = "<group>";
		};
		D43B00641CA96FBE002D6963 /* Lib */ = {
			isa = PBXGroup;
			children = (
				D43B00751CA97187002D6963 /* 保持原始图片不被渲染 */,
				D43B00711CA97038002D6963 /* Category 控件的frame更改 */,
				D43B00651CA9701B002D6963 /* PZLCove.h */,
				D43B00661CA9701B002D6963 /* PZLCove.m */,
				D43B00671CA9701B002D6963 /* PZLPopTitleView.h */,
				D43B00681CA9701B002D6963 /* PZLPopTitleView.m */,
				D43B00691CA9701B002D6963 /* PZLTitleButton.h */,
				D43B006A1CA9701B002D6963 /* PZLTitleButton.m */,
				D43B006B1CA9701B002D6963 /* PZLTitleCenterController.h */,
				D43B006C1CA9701B002D6963 /* PZLTitleCenterController.m */,
			);
			path = Lib;
			sourceTree = "<group>";
		};
		D43B00711CA97038002D6963 /* Category 控件的frame更改 */ = {
			isa = PBXGroup;
			children = (
				D43B00721CA97038002D6963 /* UIView+PZLExt.h */,
				D43B00731CA97038002D6963 /* UIView+PZLExt.m */,
			);
			path = "Category 控件的frame更改";
			sourceTree = "<group>";
		};
		D43B00751CA97187002D6963 /* 保持原始图片不被渲染 */ = {
			isa = PBXGroup;
			children = (
				D43B00761CA97187002D6963 /* UIImage+Image.h */,
				D43B00771CA97187002D6963 /* UIImage+Image.m */,
			);
			path = "保持原始图片不被渲染";
			sourceTree = "<group>";
		};
/* End PBXGroup section */

/* Begin PBXNativeTarget section */
		D43B002D1CA96CCF002D6963 /* 显示在最前面菜单demo */ = {
			isa = PBXNativeTarget;
			buildConfigurationList = D43B005B1CA96CD0002D6963 /* Build configuration list for PBXNativeTarget "显示在最前面菜单demo" */;
			buildPhases = (
				D43B002A1CA96CCF002D6963 /* Sources */,
				D43B002B1CA96CCF002D6963 /* Frameworks */,
				D43B002C1CA96CCF002D6963 /* Resources */,
			);
			buildRules = (
			);
			dependencies = (
			);
			name = "显示在最前面菜单demo";
			productName = "显示在最前面菜单demo";
			productReference = D43B002E1CA96CCF002D6963 /* 显示在最前面菜单demo.app */;
			productType = "com.apple.product-type.application";
		};
		D43B00461CA96CD0002D6963 /* 显示在最前面菜单demoTests */ = {
			isa = PBXNativeTarget;
			buildConfigurationList = D43B005E1CA96CD0002D6963 /* Build configuration list for PBXNativeTarget "显示在最前面菜单demoTests" */;
			buildPhases = (
				D43B00431CA96CD0002D6963 /* Sources */,
				D43B00441CA96CD0002D6963 /* Frameworks */,
				D43B00451CA96CD0002D6963 /* Resources */,
			);
			buildRules = (
			);
			dependencies = (
				D43B00491CA96CD0002D6963 /* PBXTargetDependency */,
			);
			name = "显示在最前面菜单demoTests";
			productName = "显示在最前面菜单demoTests";
			productReference = D43B00471CA96CD0002D6963 /* 显示在最前面菜单demoTests.xctest */;
			productType = "com.apple.product-type.bundle.unit-test";
		};
		D43B00511CA96CD0002D6963 /* 显示在最前面菜单demoUITests */ = {
			isa = PBXNativeTarget;
			buildConfigurationList = D43B00611CA96CD0002D6963 /* Build configuration list for PBXNativeTarget "显示在最前面菜单demoUITests" */;
			buildPhases = (
				D43B004E1CA96CD0002D6963 /* Sources */,
				D43B004F1CA96CD0002D6963 /* Frameworks */,
				D43B00501CA96CD0002D6963 /* Resources */,
			);
			buildRules = (
			);
			dependencies = (
				D43B00541CA96CD0002D6963 /* PBXTargetDependency */,
			);
			name = "显示在最前面菜单demoUITests";
			productName = "显示在最前面菜单demoUITests";
			productReference = D43B00521CA96CD0002D6963 /* 显示在最前面菜单demoUITests.xctest */;
			productType = "com.apple.product-type.bundle.ui-testing";
		};
/* End PBXNativeTarget section */

/* Begin PBXProject section */
		D43B00261CA96CCF002D6963 /* Project object */ = {
			isa = PBXProject;
			attributes = {
				LastUpgradeCheck = 0720;
				ORGANIZATIONNAME = pengzhilin;
				TargetAttributes = {
					D43B002D1CA96CCF002D6963 = {
						CreatedOnToolsVersion = 7.2.1;
						DevelopmentTeam = EC79M3PHW9;
					};
					D43B00461CA96CD0002D6963 = {
						CreatedOnToolsVersion = 7.2.1;
						DevelopmentTeam = EC79M3PHW9;
						TestTargetID = D43B002D1CA96CCF002D6963;
					};
					D43B00511CA96CD0002D6963 = {
						CreatedOnToolsVersion = 7.2.1;
						DevelopmentTeam = EC79M3PHW9;
						TestTargetID = D43B002D1CA96CCF002D6963;
					};
				};
			};
			buildConfigurationList = D43B00291CA96CCF002D6963 /* Build configuration list for PBXProject "显示在最前面菜单demo" */;
			compatibilityVersion = "Xcode 3.2";
			developmentRegion = English;
			hasScannedForEncodings = 0;
			knownRegions = (
				en,
				Base,
			);
			mainGroup = D43B00251CA96CCF002D6963;
			productRefGroup = D43B002F1CA96CCF002D6963 /* Products */;
			projectDirPath = "";
			projectRoot = "";
			targets = (
				D43B002D1CA96CCF002D6963 /* 显示在最前面菜单demo */,
				D43B00461CA96CD0002D6963 /* 显示在最前面菜单demoTests */,
				D43B00511CA96CD0002D6963 /* 显示在最前面菜单demoUITests */,
			);
		};
/* End PBXProject section */

/* Begin PBXResourcesBuildPhase section */
		D43B002C1CA96CCF002D6963 /* Resources */ = {
			isa = PBXResourcesBuildPhase;
			buildActionMask = 2147483647;
			files = (
				D43B00411CA96CCF002D6963 /* LaunchScreen.storyboard in Resources */,
				D43B003E1CA96CCF002D6963 /* Assets.xcassets in Resources */,
				D43B003C1CA96CCF002D6963 /* Main.storyboard in Resources */,
			);
			runOnlyForDeploymentPostprocessing = 0;
		};
		D43B00451CA96CD0002D6963 /* Resources */ = {
			isa = PBXResourcesBuildPhase;
			buildActionMask = 2147483647;
			files = (
			);
			runOnlyForDeploymentPostprocessing = 0;
		};
		D43B00501CA96CD0002D6963 /* Resources */ = {
			isa = PBXResourcesBuildPhase;
			buildActionMask = 2147483647;
			files = (
			);
			runOnlyForDeploymentPostprocessing = 0;
		};
/* End PBXResourcesBuildPhase section */

/* Begin PBXSourcesBuildPhase section */
		D43B002A1CA96CCF002D6963 /* Sources */ = {
			isa = PBXSourcesBuildPhase;
			buildActionMask = 2147483647;
			files = (
				D43B00391CA96CCF002D6963 /* ViewController.m in Sources */,
				D43B00361CA96CCF002D6963 /* AppDelegate.m in Sources */,
				D43B006E1CA9701B002D6963 /* PZLPopTitleView.m in Sources */,
				D43B00781CA97187002D6963 /* UIImage+Image.m in Sources */,
				D43B00701CA9701B002D6963 /* PZLTitleCenterController.m in Sources */,
				D43B00331CA96CCF002D6963 /* main.m in Sources */,
				D43B00741CA97038002D6963 /* UIView+PZLExt.m in Sources */,
				D43B006D1CA9701B002D6963 /* PZLCove.m in Sources */,
				D43B006F1CA9701B002D6963 /* PZLTitleButton.m in Sources */,
			);
			runOnlyForDeploymentPostprocessing = 0;
		};
		D43B00431CA96CD0002D6963 /* Sources */ = {
			isa = PBXSourcesBuildPhase;
			buildActionMask = 2147483647;
			files = (
				D43B004C1CA96CD0002D6963 /* ________demoTests.m in Sources */,
			);
			runOnlyForDeploymentPostprocessing = 0;
		};
		D43B004E1CA96CD0002D6963 /* Sources */ = {
			isa = PBXSourcesBuildPhase;
			buildActionMask = 2147483647;
			files = (
				D43B00571CA96CD0002D6963 /* ________demoUITests.m in Sources */,
			);
			runOnlyForDeploymentPostprocessing = 0;
		};
/* End PBXSourcesBuildPhase section */

/* Begin PBXTargetDependency section */
		D43B00491CA96CD0002D6963 /* PBXTargetDependency */ = {
			isa = PBXTargetDependency;
			target = D43B002D1CA96CCF002D6963 /* 显示在最前面菜单demo */;
			targetProxy = D43B00481CA96CD0002D6963 /* PBXContainerItemProxy */;
		};
		D43B00541CA96CD0002D6963 /* PBXTargetDependency */ = {
			isa = PBXTargetDependency;
			target = D43B002D1CA96CCF002D6963 /* 显示在最前面菜单demo */;
			targetProxy = D43B00531CA96CD0002D6963 /* PBXContainerItemProxy */;
		};
/* End PBXTargetDependency section */

/* Begin PBXVariantGroup section */
		D43B003A1CA96CCF002D6963 /* Main.storyboard */ = {
			isa = PBXVariantGroup;
			children = (
				D43B003B1CA96CCF002D6963 /* Base */,
			);
			name = Main.storyboard;
			sourceTree = "<group>";
		};
		D43B003F1CA96CCF002D6963 /* LaunchScreen.storyboard */ = {
			isa = PBXVariantGroup;
			children = (
				D43B00401CA96CCF002D6963 /* Base */,
			);
			name = LaunchScreen.storyboard;
			sourceTree = "<group>";
		};
/* End PBXVariantGroup section */

/* Begin XCBuildConfiguration section */
		D43B00591CA96CD0002D6963 /* Debug */ = {
			isa = XCBuildConfiguration;
			buildSettings = {
				ALWAYS_SEARCH_USER_PATHS = NO;
				CLANG_CXX_LANGUAGE_STANDARD = "gnu++0x";
				CLANG_CXX_LIBRARY = "libc++";
				CLANG_ENABLE_MODULES = YES;
				CLANG_ENABLE_OBJC_ARC = YES;
				CLANG_WARN_BOOL_CONVERSION = YES;
				CLANG_WARN_CONSTANT_CONVERSION = YES;
				CLANG_WARN_DIRECT_OBJC_ISA_USAGE = YES_ERROR;
				CLANG_WARN_EMPTY_BODY = YES;
				CLANG_WARN_ENUM_CONVERSION = YES;
				CLANG_WARN_INT_CONVERSION = YES;
				CLANG_WARN_OBJC_ROOT_CLASS = YES_ERROR;
				CLANG_WARN_UNREACHABLE_CODE = YES;
				CLANG_WARN__DUPLICATE_METHOD_MATCH = YES;
				"CODE_SIGN_IDENTITY[sdk=iphoneos*]" = "iPhone Developer";
				COPY_PHASE_STRIP = NO;
				DEBUG_INFORMATION_FORMAT = dwarf;
				ENABLE_STRICT_OBJC_MSGSEND = YES;
				ENABLE_TESTABILITY = YES;
				GCC_C_LANGUAGE_STANDARD = gnu99;
				GCC_DYNAMIC_NO_PIC = NO;
				GCC_NO_COMMON_BLOCKS = YES;
				GCC_OPTIMIZATION_LEVEL = 0;
				GCC_PREPROCESSOR_DEFINITIONS = (
					"DEBUG=1",
					"$(inherited)",
				);
				GCC_WARN_64_TO_32_BIT_CONVERSION = YES;
				GCC_WARN_ABOUT_RETURN_TYPE = YES_ERROR;
				GCC_WARN_UNDECLARED_SELECTOR = YES;
				GCC_WARN_UNINITIALIZED_AUTOS = YES_AGGRESSIVE;
				GCC_WARN_UNUSED_FUNCTION = YES;
				GCC_WARN_UNUSED_VARIABLE = YES;
				IPHONEOS_DEPLOYMENT_TARGET = 9.2;
				MTL_ENABLE_DEBUG_INFO = YES;
				ONLY_ACTIVE_ARCH = YES;
				SDKROOT = iphoneos;
			};
			name = Debug;
		};
		D43B005A1CA96CD0002D6963 /* Release */ = {
			isa = XCBuildConfiguration;
			buildSettings = {
				ALWAYS_SEARCH_USER_PATHS = NO;
				CLANG_CXX_LANGUAGE_STANDARD = "gnu++0x";
				CLANG_CXX_LIBRARY = "libc++";
				CLANG_ENABLE_MODULES = YES;
				CLANG_ENABLE_OBJC_ARC = YES;
				CLANG_WARN_BOOL_CONVERSION = YES;
				CLANG_WARN_CONSTANT_CONVERSION = YES;
				CLANG_WARN_DIRECT_OBJC_ISA_USAGE = YES_ERROR;
				CLANG_WARN_EMPTY_BODY = YES;
				CLANG_WARN_ENUM_CONVERSION = YES;
				CLANG_WARN_INT_CONVERSION = YES;
				CLANG_WARN_OBJC_ROOT_CLASS = YES_ERROR;
				CLANG_WARN_UNREACHABLE_CODE = YES;
				CLANG_WARN__DUPLICATE_METHOD_MATCH = YES;
				"CODE_SIGN_IDENTITY[sdk=iphoneos*]" = "iPhone Developer";
				COPY_PHASE_STRIP = NO;
				DEBUG_INFORMATION_FORMAT = "dwarf-with-dsym";
				ENABLE_NS_ASSERTIONS = NO;
				ENABLE_STRICT_OBJC_MSGSEND = YES;
				GCC_C_LANGUAGE_STANDARD = gnu99;
				GCC_NO_COMMON_BLOCKS = YES;
				GCC_WARN_64_TO_32_BIT_CONVERSION = YES;
				GCC_WARN_ABOUT_RETURN_TYPE = YES_ERROR;
				GCC_WARN_UNDECLARED_SELECTOR = YES;
				GCC_WARN_UNINITIALIZED_AUTOS = YES_AGGRESSIVE;
				GCC_WARN_UNUSED_FUNCTION = YES;
				GCC_WARN_UNUSED_VARIABLE = YES;
				IPHONEOS_DEPLOYMENT_TARGET = 9.2;
				MTL_ENABLE_DEBUG_INFO = NO;
				SDKROOT = iphoneos;
				VALIDATE_PRODUCT = YES;
			};
			name = Release;
		};
		D43B005C1CA96CD0002D6963 /* Debug */ = {
			isa = XCBuildConfiguration;
			buildSettings = {
				ASSETCATALOG_COMPILER_APPICON_NAME = AppIcon;
				INFOPLIST_FILE = "显示在最前面菜单demo/Info.plist";
				LD_RUNPATH_SEARCH_PATHS = "$(inherited) @executable_path/Frameworks";
				PRODUCT_BUNDLE_IDENTIFIER = "pengzhilin.--------demo";
				PRODUCT_NAME = "$(TARGET_NAME)";
			};
			name = Debug;
		};
		D43B005D1CA96CD0002D6963 /* Release */ = {
			isa = XCBuildConfiguration;
			buildSettings = {
				ASSETCATALOG_COMPILER_APPICON_NAME = AppIcon;
				INFOPLIST_FILE = "显示在最前面菜单demo/Info.plist";
				LD_RUNPATH_SEARCH_PATHS = "$(inherited) @executable_path/Frameworks";
				PRODUCT_BUNDLE_IDENTIFIER = "pengzhilin.--------demo";
				PRODUCT_NAME = "$(TARGET_NAME)";
			};
			name = Release;
		};
		D43B005F1CA96CD0002D6963 /* Debug */ = {
			isa = XCBuildConfiguration;
			buildSettings = {
				BUNDLE_LOADER = "$(TEST_HOST)";
				INFOPLIST_FILE = "显示在最前面菜单demoTests/Info.plist";
				LD_RUNPATH_SEARCH_PATHS = "$(inherited) @executable_path/Frameworks @loader_path/Frameworks";
				PRODUCT_BUNDLE_IDENTIFIER = "pengzhilin.--------demoTests";
				PRODUCT_NAME = "$(TARGET_NAME)";
				TEST_HOST = "$(BUILT_PRODUCTS_DIR)/显示在最前面菜单demo.app/显示在最前面菜单demo";
			};
			name = Debug;
		};
		D43B00601CA96CD0002D6963 /* Release */ = {
			isa = XCBuildConfiguration;
			buildSettings = {
				BUNDLE_LOADER = "$(TEST_HOST)";
				INFOPLIST_FILE = "显示在最前面菜单demoTests/Info.plist";
				LD_RUNPATH_SEARCH_PATHS = "$(inherited) @executable_path/Frameworks @loader_path/Frameworks";
				PRODUCT_BUNDLE_IDENTIFIER = "pengzhilin.--------demoTests";
				PRODUCT_NAME = "$(TARGET_NAME)";
				TEST_HOST = "$(BUILT_PRODUCTS_DIR)/显示在最前面菜单demo.app/显示在最前面菜单demo";
			};
			name = Release;
		};
		D43B00621CA96CD0002D6963 /* Debug */ = {
			isa = XCBuildConfiguration;
			buildSettings = {
				INFOPLIST_FILE = "显示在最前面菜单demoUITests/Info.plist";
				LD_RUNPATH_SEARCH_PATHS = "$(inherited) @executable_path/Frameworks @loader_path/Frameworks";
				PRODUCT_BUNDLE_IDENTIFIER = "pengzhilin.--------demoUITests";
				PRODUCT_NAME = "$(TARGET_NAME)";
				TEST_TARGET_NAME = "显示在最前面菜单demo";
				USES_XCTRUNNER = YES;
			};
			name = Debug;
		};
		D43B00631CA96CD0002D6963 /* Release */ = {
			isa = XCBuildConfiguration;
			buildSettings = {
				INFOPLIST_FILE = "显示在最前面菜单demoUITests/Info.plist";
				LD_RUNPATH_SEARCH_PATHS = "$(inherited) @executable_path/Frameworks @loader_path/Frameworks";
				PRODUCT_BUNDLE_IDENTIFIER = "pengzhilin.--------demoUITests";
				PRODUCT_NAME = "$(TARGET_NAME)";
				TEST_TARGET_NAME = "显示在最前面菜单demo";
				USES_XCTRUNNER = YES;
			};
			name = Release;
		};
/* End XCBuildConfiguration section */

/* Begin XCConfigurationList section */
		D43B00291CA96CCF002D6963 /* Build configuration list for PBXProject "显示在最前面菜单demo" */ = {
			isa = XCConfigurationList;
			buildConfigurations = (
				D43B00591CA96CD0002D6963 /* Debug */,
				D43B005A1CA96CD0002D6963 /* Release */,
			);
			defaultConfigurationIsVisible = 0;
			defaultConfigurationName = Release;
		};
		D43B005B1CA96CD0002D6963 /* Build configuration list for PBXNativeTarget "显示在最前面菜单demo" */ = {
			isa = XCConfigurationList;
			buildConfigurations = (
				D43B005C1CA96CD0002D6963 /* Debug */,
				D43B005D1CA96CD0002D6963 /* Release */,
			);
			defaultConfigurationIsVisible = 0;
		};
		D43B005E1CA96CD0002D6963 /* Build configuration list for PBXNativeTarget "显示在最前面菜单demoTests" */ = {
			isa = XCConfigurationList;
			buildConfigurations = (
				D43B005F1CA96CD0002D6963 /* Debug */,
				D43B00601CA96CD0002D6963 /* Release */,
			);
			defaultConfigurationIsVisible = 0;
		};
		D43B00611CA96CD0002D6963 /* Build configuration list for PBXNativeTarget "显示在最前面菜单demoUITests" */ = {
			isa = XCConfigurationList;
			buildConfigurations = (
				D43B00621CA96CD0002D6963 /* Debug */,
				D43B00631CA96CD0002D6963 /* Release */,
			);
			defaultConfigurationIsVisible = 0;
		};
/* End XCConfigurationList section */
	};
	rootObject = D43B00261CA96CCF002D6963 /* Project object */;
}
